
Microsoft Visual Studio Solution File, Format Version 12.00
Project("{FAE04EC0-301F-11D3-BF4B-00C04F79EFBC}") = "TrashAdultsRoundsPack", "TrashAdultsRoundsPack\TrashAdultsRoundsPack.csproj", "{68CB736A-93F5-44DA-9D46-584DFE1A61E4}"
EndProject
Global
	GlobalSection(SolutionConfigurationPlatforms) = preSolution
		Debug|Any CPU = Debug|Any CPU
		Release|Any CPU = Release|Any CPU
	EndGlobalSection
	GlobalSection(ProjectConfigurationPlatforms) = postSolution
		{68CB736A-93F5-44DA-9D46-584DFE1A61E4}.Debug|Any CPU.ActiveCfg = Debug|Any CPU
		{68CB736A-93F5-44DA-9D46-584DFE1A61E4}.Debug|Any CPU.Build.0 = Debug|Any CPU
		{68CB736A-93F5-44DA-9D46-584DFE1A61E4}.Release|Any CPU.ActiveCfg = Release|Any CPU
		{68CB736A-93F5-44DA-9D46-584DFE1A61E4}.Release|Any CPU.Build.0 = Release|Any CPU
	EndGlobalSection
EndGlobal
